{
  "requires": true,
  "lockfileVersion": 1,
  "dependencies": {
    "cordova-plugin-x-socialsharing": {
      "version": "5.4.1",
      "resolved": "https://registry.npmjs.org/cordova-plugin-x-socialsharing/-/cordova-plugin-x-socialsharing-5.4.1.tgz",
      "integrity": "sha512-JZcSf0heLKivlaYwmJ/n72Y049wD5FA10yfsJUeOZZpRvGtytnSQtTz0LyT4mGzEDiLUm5WD9k3082Ec4PlaGg=="
    }
  }
}
